{
    "_meta": {
        "hash": {
            "sha256": "08c9ecd083659c66033db1b64af14a5e2dcc6b6104e22b0078f2a8bc84eda042"
        },
        "pipfile-spec": 6,
        "requires": {
            "python_version": "3.6"
        },
        "sources": [
            {
                "name": "pypi",
                "url": "https://pypi.python.org/simple",
                "verify_ssl": true
            }
        ]
    },
    "default": {
        "aiodns": {
            "hashes": [
                "sha256:99d0652f2c02f73bfa646bf44af82705260a523014576647d7959e664830b26b",
                "sha256:d8677adc679ce8d0ef706c14d9c3d2f27a0e0cc11d59730cdbaf218ad52dd9ea"
            ],
            "index": "pypi",
            "version": "==1.1.1"
        },
        "aioping": {
            "hashes": [
                "sha256:7e1f718682e2ab4c4c3ec98cffa59de1694eb9b2b5f5cf11e460d490380f88f1"
            ],
            "index": "pypi",
            "version": "==0.1.0"
        },
        "async-timeout": {
            "hashes": [
                "sha256:00cff4d2dce744607335cba84e9929c3165632da2d27970dbc55802a0c7873d0",
                "sha256:9093db5b8ddbe4b8f6885d1a6e0ad84ae3155464cbf6877c387605244c285f3c"
            ],
            "index": "pypi",
            "version": "==2.0.1"
        },
        "pycares": {
            "hashes": [
                "sha256:0e81c971236bb0767354f1456e67ab6ae305f248565ce77cd413a311f9572bf5",
                "sha256:11c0ff3ccdb5a838cbd59a4e59df35d31355a80a61393bca786ca3b44569ba10",
                "sha256:170d62bd300999227e64da4fa85459728cc96e62e44780bbc86a915fdae01f78",
                "sha256:36f4c03df57c41a87eb3d642201684eb5a8bc194f4bafaa9f60ee6dc0aef8e40",
                "sha256:371ce688776da984c4105c8ca760cc60944b9b49ccf8335c71dc7669335e6173",
                "sha256:3a2234516f7db495083d8bba0ccdaabae587e62cfcd1b8154d5d0b09d3a48dfc",
                "sha256:3f288586592c697109b2b06e3988b7e17d9765887b5fc367010ee8500cbddc86",
                "sha256:40134cee03c8bbfbc644d4c0bc81796e12dd012a5257fb146c5a5417812ee5f7",
                "sha256:722f5d2c5f78d47b13b0112f6daff43ce4e08e8152319524d14f1f917cc5125e",
                "sha256:7b18fab0ed534a898552df91bc804bd62bb3a2646c11e054baca14d23663e1d6",
                "sha256:8a39d03bd99ea191f86b990ef67ecce878d6bf6518c5cde9173fb34fb36beb5e",
                "sha256:8ea263de8bf1a30b0d87150b4aa0e3203cf93bc1723ea3e7408a7d25e1299217",
                "sha256:943e2dc67ff45ab4c81d628c959837d01561d7e185080ab7a276b8ca67573fb5",
                "sha256:9d56a54c93e64b30c0d31f394d9890f175edec029cd846221728f99263cdee82",
                "sha256:b95b339c11d824f0bb789d31b91c8534916fcbdce248cccce216fa2630bb8a90",
                "sha256:bbfd9aba1e172cd2ab7b7142d49b28cf44d6451c4a66a870aff1dc3cb84849c7",
                "sha256:d8637bcc2f901aa61ec1d754abc862f9f145cb0346a0249360df4c159377018e",
                "sha256:e2446577eeea79d2179c9469d9d4ce3ab8a07d7985465c3cb91e7d74abc329b6",
                "sha256:e72fa163f37ae3b09f143cc6690a36f012d13e905d142e1beed4ec0e593ff657",
                "sha256:f32b7c63094749fbc0c1106c9a785666ec8afd49ecfe7002a30bb7c42e62b47c",
                "sha256:f50be4dd53f009cfb4b98c3c6b240e18ff9b17e3f1c320bd594bb83eddabfcb2"
            ],
            "version": "==2.3.0"
        },
        "pyqt5": {
            "hashes": [
                "sha256:1e652910bd1ffd23a3a48c510ecad23a57a853ed26b782cd54b16658e6f271ac",
                "sha256:4db7113f464c733a99fcb66c4c093a47cf7204ad3f8b3bda502efcc0839ac14b",
                "sha256:9c17ab3974c1fc7bbb04cc1c9dae780522c0ebc158613f3025fccae82227b5f7",
                "sha256:f6035baa009acf45e5f460cf88f73580ad5dc0e72330029acd99e477f20a5d61"
            ],
            "index": "pypi",
            "version": "==5.10.1"
        },
        "quamash": {
            "hashes": [
                "sha256:59fc4267194446b225eebd1d1b5f1b0ca5f57e461b9aecd63d6faf08ebab7c07",
                "sha256:b191be20470e05792fd12b97ca6d87c16330595f049906d45ff0283a7da4e27e"
            ],
            "index": "pypi",
            "version": "==0.6.0"
        },
        "sip": {
            "hashes": [
                "sha256:09f9a4e6c28afd0bafedb26ffba43375b97fe7207bd1a0d3513f79b7d168b331",
                "sha256:105edaaa1c8aa486662226360bd3999b4b89dd56de3e314d82b83ed0587d8783",
                "sha256:1bb10aac55bd5ab0e2ee74b3047aa2016cfa7932077c73f602a6f6541af8cd51",
                "sha256:265ddf69235dd70571b7d4da20849303b436192e875ce7226be7144ca702a45c",
                "sha256:52074f7cb5488e8b75b52f34ec2230bc75d22986c7fe5cd3f2d266c23f3349a7",
                "sha256:5ff887a33839de8fc77d7f69aed0259b67a384dc91a1dc7588e328b0b980bde2",
                "sha256:74da4ddd20c5b35c19cda753ce1e8e1f71616931391caeac2de7a1715945c679",
                "sha256:7d69e9cf4f8253a3c0dfc5ba6bb9ac8087b8239851f22998e98cb35cfe497b68",
                "sha256:97bb93ee0ef01ba90f57be2b606e08002660affd5bc380776dd8b0fcaa9e093a",
                "sha256:cf98150a99e43fda7ae22abe655b6f202e491d6291486548daa56cb15a2fcf85",
                "sha256:d9023422127b94d11c1a84bfa94933e959c484f2c79553c1ef23c69fe00d25f8",
                "sha256:e72955e12f4fccf27aa421be383453d697b8a44bde2cc26b08d876fd492d0174"
            ],
            "version": "==4.19.8"
        },
        "six": {
            "hashes": [
                "sha256:70e8a77beed4562e7f14fe23a786b54f6296e34344c23bc42f07b15018ff98e9",
                "sha256:832dc0e10feb1aa2c68dcc57dbb658f1c7e65b9b61af69048abc87a2db00a0eb"
            ],
            "version": "==1.11.0"
        },
        "wxpython": {
            "hashes": [
                "sha256:047f6da3e46c417290935965f5d7237611b2fcc39013dde1474096da9aee755a",
                "sha256:084dd4f32ea64b5a46610310253afa0b93ff94af20cdccdb7927389eddfee504",
                "sha256:0ea528909a9fad541aa24f67896f9ef4bc4a85e94388da8d7e0d42abd96d1298",
                "sha256:383c4d8ea29eb66bfa3e9d7096139df5e1216dd0873f5aad13205ead8df55a8c",
                "sha256:3a4e18220d8f2a274a3d59d833d406d8196c4b5f04e1de86a33813902dc54dcd",
                "sha256:3c7864fdf00a61c8dea76ddc983f5ccbfaa859df1da83f24cf6f0ec4626bcaf1",
                "sha256:5e50b68487b0488ab7f7f9f538e964cc4f554147204487995ecabd4b58da7827",
                "sha256:8bfd7d8691912e2674bb42fcc3d31469c45e86c04fa1bb8f64f8c5fc0492843a",
                "sha256:c1da6417d00104f3d60d20a0cb27e5da671db384d9501a84e58a77c97e48c0d7",
                "sha256:c6b7a5926cf0dd4f56d6198703eff48ae8e8d8dfcdb037ade77b0e536ef0200a",
                "sha256:cd1b30cd6a9cf6c1b132e7d846e913344e1e37e73520ac36c7b7172df06c43f9",
                "sha256:d5c82167380d4352174d8dee4983cd7b9f602f49e25b6682a3093141d8faa635",
                "sha256:f8f2ac1a75368b9b103259addc77f4e3dfe729c6d70aa1fd0b7e9c5b6075c710"
            ],
            "index": "pypi",
            "version": "==4.0.1"
        }
    },
    "develop": {}
}
